
Microsoft Visual Studio Solution File, Format Version 12.00
# Visual Studio Version 16
VisualStudioVersion = 16.0.30011.22
MinimumVisualStudioVersion = 10.0.40219.1
Project("{FAE04EC0-301F-11D3-BF4B-00C04F79EFBC}") = "SerialPort", "SerialPort.csproj", "{33AF48BB-0B4B-4198-BC53-0F618FC79729}"
EndProject
Project("{54435603-DBB4-11D2-8724-00A0C9A8B90C}") = "DIY_Serial Terminal", "..\DIY_Serial Terminal\DIY_Serial Terminal.vdproj", "{323C9382-2AAA-4721-8D21-A411F0990271}"
EndProject
Global
	GlobalSection(SolutionConfigurationPlatforms) = preSolution
		Debug|Any CPU = Debug|Any CPU
		Release|Any CPU = Release|Any CPU
	EndGlobalSection
	GlobalSection(ProjectConfigurationPlatforms) = postSolution
		{33AF48BB-0B4B-4198-BC53-0F618FC79729}.Debug|Any CPU.ActiveCfg = Debug|Any CPU
		{33AF48BB-0B4B-4198-BC53-0F618FC79729}.Debug|Any CPU.Build.0 = Debug|Any CPU
		{33AF48BB-0B4B-4198-BC53-0F618FC79729}.Release|Any CPU.ActiveCfg = Release|Any CPU
		{33AF48BB-0B4B-4198-BC53-0F618FC79729}.Release|Any CPU.Build.0 = Release|Any CPU
		{323C9382-2AAA-4721-8D21-A411F0990271}.Debug|Any CPU.ActiveCfg = Debug
		{323C9382-2AAA-4721-8D21-A411F0990271}.Release|Any CPU.ActiveCfg = Release
	EndGlobalSection
	GlobalSection(SolutionProperties) = preSolution
		HideSolutionNode = FALSE
	EndGlobalSection
	GlobalSection(ExtensibilityGlobals) = postSolution
		SolutionGuid = {D7CD52A8-7655-4043-8190-48FD28F49FDB}
	EndGlobalSection
EndGlobal
